
Microsoft Visual Studio Solution File, Format Version 12.00
# Visual Studio Version 17
VisualStudioVersion = 17.5.33414.496
MinimumVisualStudioVersion = 10.0.40219.1
Project("{FAE04EC0-301F-11D3-BF4B-00C04F79EFBC}") = "PollPulse.API", "PollPulse.API\PollPulse.API.csproj", "{08B3ED31-3A3B-4E2A-BDE9-92902250AC07}"
EndProject
Global
	GlobalSection(SolutionConfigurationPlatforms) = preSolution
		Debug|Any CPU = Debug|Any CPU
		Release|Any CPU = Release|Any CPU
	EndGlobalSection
	GlobalSection(ProjectConfigurationPlatforms) = postSolution
		{08B3ED31-3A3B-4E2A-BDE9-92902250AC07}.Debug|Any CPU.ActiveCfg = Debug|Any CPU
		{08B3ED31-3A3B-4E2A-BDE9-92902250AC07}.Debug|Any CPU.Build.0 = Debug|Any CPU
		{08B3ED31-3A3B-4E2A-BDE9-92902250AC07}.Release|Any CPU.ActiveCfg = Release|Any CPU
		{08B3ED31-3A3B-4E2A-BDE9-92902250AC07}.Release|Any CPU.Build.0 = Release|Any CPU
	EndGlobalSection
	GlobalSection(SolutionProperties) = preSolution
		HideSolutionNode = FALSE
	EndGlobalSection
	GlobalSection(ExtensibilityGlobals) = postSolution
		SolutionGuid = {38CACE2C-B9F1-4447-81EA-4B6AFC953E3A}
	EndGlobalSection
EndGlobal
